PODS:
  - AppAuth (1.5.0):
    - AppAuth/Core (= 1.5.0)
    - AppAuth/ExternalUserAgent (= 1.5.0)
  - AppAuth/Core (1.5.0)
  - AppAuth/ExternalUserAgent (1.5.0):
    - AppAuth/Core
  - CryptoSwift (0.11.0)
  - FBSDKCoreKit (9.0.1):
    - FBSDKCoreKit/Basics (= 9.0.1)
    - FBSDKCoreKit/Core (= 9.0.1)
  - FBSDKCoreKit/Basics (9.0.1)
  - FBSDKCoreKit/Core (9.0.1):
    - FBSDKCoreKit/Basics
  - FBSDKLoginKit (9.0.1):
    - FBSDKLoginKit/Login (= 9.0.1)
  - FBSDKLoginKit/Login (9.0.1):
    - FBSDKCoreKit (~> 9.0.1)
  - Firebase/CoreOnly (7.7.0):
    - FirebaseCore (= 7.7.0)
  - Firebase/Database (7.7.0):
    - Firebase/CoreOnly
    - FirebaseDatabase (~> 7.7.0)
  - Firebase/Messaging (7.7.0):
    - Firebase/CoreOnly
    - FirebaseMessaging (~> 7.7.0)
  - Firebase/Storage (7.7.0):
    - Firebase/CoreOnly
    - FirebaseStorage (~> 7.7.0)
  - FirebaseCore (7.7.0):
    - FirebaseCoreDiagnostics (~> 7.4)
    - GoogleUtilities/Environment (~> 7.0)
    - GoogleUtilities/Logger (~> 7.0)
  - FirebaseCoreDiagnostics (7.11.0):
    - GoogleDataTransport (~> 8.4)
    - GoogleUtilities/Environment (~> 7.0)
    - GoogleUtilities/Logger (~> 7.0)
    - nanopb (~> 2.30908.0)
  - FirebaseDatabase (7.7.0):
    - FirebaseCore (~> 7.0)
    - leveldb-library (~> 1.22)
  - FirebaseInstallations (7.11.0):
    - FirebaseCore (~> 7.0)
    - GoogleUtilities/Environment (~> 7.0)
    - GoogleUtilities/UserDefaults (~> 7.0)
    - PromisesObjC (~> 1.2)
  - FirebaseInstanceID (7.11.0):
    - FirebaseCore (~> 7.0)
    - FirebaseInstallations (~> 7.0)
    - GoogleUtilities/Environment (~> 7.0)
    - GoogleUtilities/UserDefaults (~> 7.0)
  - FirebaseMessaging (7.7.0):
    - FirebaseCore (~> 7.0)
    - FirebaseInstanceID (~> 7.0)
    - GoogleUtilities/AppDelegateSwizzler (~> 7.0)
    - GoogleUtilities/Environment (~> 7.0)
    - GoogleUtilities/Reachability (~> 7.0)
    - GoogleUtilities/UserDefaults (~> 7.0)
  - FirebaseStorage (7.7.0):
    - FirebaseCore (~> 7.0)
    - GTMSessionFetcher/Core (~> 1.4)
  - GoogleDataTransport (8.4.0):
    - GoogleUtilities/Environment (~> 7.2)
    - nanopb (~> 2.30908.0)
    - PromisesObjC (~> 1.2)
  - GoogleMaps (2.5.0):
    - GoogleMaps/Maps (= 2.5.0)
  - GoogleMaps/Base (2.5.0)
  - GoogleMaps/Maps (2.5.0):
    - GoogleMaps/Base
  - GooglePlaces (5.0.0)
  - GoogleSignIn (5.0.2):
    - AppAuth (~> 1.2)
    - GTMAppAuth (~> 1.0)
    - GTMSessionFetcher/Core (~> 1.1)
  - GoogleUtilities/AppDelegateSwizzler (7.7.0):
    - GoogleUtilities/Environment
    - GoogleUtilities/Logger
    - GoogleUtilities/Network
  - GoogleUtilities/Environment (7.7.0):
    - PromisesObjC (< 3.0, >= 1.2)
  - GoogleUtilities/Logger (7.7.0):
    - GoogleUtilities/Environment
  - GoogleUtilities/Network (7.7.0):
    - GoogleUtilities/Logger
    - "GoogleUtilities/NSData+zlib"
    - GoogleUtilities/Reachability
  - "GoogleUtilities/NSData+zlib (7.7.0)"
  - GoogleUtilities/Reachability (7.7.0):
    - GoogleUtilities/Logger
  - GoogleUtilities/UserDefaults (7.7.0):
    - GoogleUtilities/Logger
  - GTMAppAuth (1.2.3):
    - AppAuth/Core (~> 1.4)
    - GTMSessionFetcher/Core (~> 1.5)
  - GTMSessionFetcher/Core (1.7.1)
  - IQKeyboardManagerSwift (6.5.9)
  - KLCPopup (1.0)
  - leveldb-library (1.22.1)
  - MBProgressHUD (1.2.0)
  - nanopb (2.30908.0):
    - nanopb/decode (= 2.30908.0)
    - nanopb/encode (= 2.30908.0)
  - nanopb/decode (2.30908.0)
  - nanopb/encode (2.30908.0)
  - ObjectMapper (3.5.3)
  - PromisesObjC (1.2.12)
  - RxCocoa (6.5.0):
    - RxRelay (= 6.5.0)
    - RxSwift (= 6.5.0)
  - RxRelay (6.5.0):
    - RxSwift (= 6.5.0)
  - RxSwift (6.5.0)
  - SwiftMessages (9.0.6):
    - SwiftMessages/App (= 9.0.6)
  - SwiftMessages/App (9.0.6)

DEPENDENCIES:
  - CryptoSwift (~> 0.11.0)
  - FBSDKLoginKit (~> 9.0.1)
  - Firebase/Database (~> 7.7.0)
  - Firebase/Messaging (~> 7.7.0)
  - Firebase/Storage (~> 7.7.0)
  - GoogleMaps (= 2.5.0)
  - GooglePlaces (= 5.0.0)
  - GoogleSignIn (~> 5.0.0)
  - IQKeyboardManagerSwift (~> 6.5.6)
  - KLCPopup (~> 1.0)
  - MBProgressHUD (~> 1.0)
  - ObjectMapper (~> 3.0)
  - RxCocoa
  - RxSwift
  - SwiftMessages (~> 9.0.3)

SPEC REPOS:
  trunk:
    - AppAuth
    - CryptoSwift
    - FBSDKCoreKit
    - FBSDKLoginKit
    - Firebase
    - FirebaseCore
    - FirebaseCoreDiagnostics
    - FirebaseDatabase
    - FirebaseInstallations
    - FirebaseInstanceID
    - FirebaseMessaging
    - FirebaseStorage
    - GoogleDataTransport
    - GoogleMaps
    - GooglePlaces
    - GoogleSignIn
    - GoogleUtilities
    - GTMAppAuth
    - GTMSessionFetcher
    - IQKeyboardManagerSwift
    - KLCPopup
    - leveldb-library
    - MBProgressHUD
    - nanopb
    - ObjectMapper
    - PromisesObjC
    - RxCocoa
    - RxRelay
    - RxSwift
    - SwiftMessages

SPEC CHECKSUMS:
  AppAuth: 80317d99ac7ff2801a2f18ff86b48cd315ed465d
  CryptoSwift: ad5208dd2aae0a764ea4ce2c2d34bd067cae67f0
  FBSDKCoreKit: fada1a6a0076724678993ff05a633848765ff18c
  FBSDKLoginKit: d5ffe6d808897019ccf16feb6f0a7ab260bc5cd6
  Firebase: cd2ab85eec8170dc260186159f21072ecb679ad5
  FirebaseCore: ac35d680a0bf32319a59966a1478e0741536b97b
  FirebaseCoreDiagnostics: 68ad972f99206cef818230f3f3179d52ccfb7f8c
  FirebaseDatabase: 4da0e43266f9cb0278464a2a4b1102b3d122c245
  FirebaseInstallations: a58d4f72ec5861840b84df489f2668d970df558a
  FirebaseInstanceID: ad5135045a498d7775903efd39762d2cdfa1be27
  FirebaseMessaging: ce33c2537fdda1d1a4bc82b2245e3c3bf9107684
  FirebaseStorage: 9b940765fa33494258fab6131b6180fc7c2d80f5
  GoogleDataTransport: cd9db2180fcecd8da1b561aea31e3e56cf834aa7
  GoogleMaps: c087b8e5dfe87ca6ebf59adb9b4894a4146bec4f
  GooglePlaces: 5d87ca13ed98b7a937e0d8bc7026f718c7263271
  GoogleSignIn: 7137d297ddc022a7e0aa4619c86d72c909fa7213
  GoogleUtilities: e0913149f6b0625b553d70dae12b49fc62914fd1
  GTMAppAuth: 987526d41b07efb1bedda5e936fe0cb718a03113
  GTMSessionFetcher: 4577a4cc914a5a07c40a8a0ad0acc22080418c2d
  IQKeyboardManagerSwift: 6e839c575c4aa1078d58a596e41244e77abe918f
  KLCPopup: 76c5a19227977f1e53d85236f9ef42257c168d98
  leveldb-library: 50c7b45cbd7bf543c81a468fe557a16ae3db8729
  MBProgressHUD: 3ee5efcc380f6a79a7cc9b363dd669c5e1ae7406
  nanopb: a0ba3315591a9ae0a16a309ee504766e90db0c96
  ObjectMapper: 97111c97e054a6ee25917662106689f0b4127b37
  PromisesObjC: 3113f7f76903778cf4a0586bd1ab89329a0b7b97
  RxCocoa: 94f817b71c07517321eb4f9ad299112ca8af743b
  RxRelay: 1de1523e604c72b6c68feadedd1af3b1b4d0ecbd
  RxSwift: 5710a9e6b17f3c3d6e40d6e559b9fa1e813b2ef8
  SwiftMessages: f0c7ef4705a570ad6c5e208b611f4333e660ed92

PODFILE CHECKSUM: 91a3337582b57e178578b935163dc539f7856d1e

COCOAPODS: 1.10.0
